
Microsoft Visual Studio Solution File, Format Version 12.00
# Visual Studio Version 17
VisualStudioVersion = 17.13.35931.197 d17.13
MinimumVisualStudioVersion = 10.0.40219.1
Project("{888888A0-9F3D-457C-B088-3A5042F75D52}") = "CALCULATOR_PROJECT", "CALCULATOR_PROJECT\CALCULATOR_PROJECT.pyproj", "{F614F1B0-BD7B-4CBC-B4D3-07056F3E4A4D}"
EndProject
Global
	GlobalSection(SolutionConfigurationPlatforms) = preSolution
		Debug|Any CPU = Debug|Any CPU
		Release|Any CPU = Release|Any CPU
	EndGlobalSection
	GlobalSection(ProjectConfigurationPlatforms) = postSolution
		{F614F1B0-BD7B-4CBC-B4D3-07056F3E4A4D}.Debug|Any CPU.ActiveCfg = Debug|Any CPU
		{F614F1B0-BD7B-4CBC-B4D3-07056F3E4A4D}.Release|Any CPU.ActiveCfg = Release|Any CPU
	EndGlobalSection
	GlobalSection(SolutionProperties) = preSolution
		HideSolutionNode = FALSE
	EndGlobalSection
	GlobalSection(ExtensibilityGlobals) = postSolution
		SolutionGuid = {8E992E81-3EAC-42AB-9B58-BD50CB10FF43}
	EndGlobalSection
EndGlobal
